
Microsoft Visual Studio Solution File, Format Version 12.00
# Visual Studio Version 17
VisualStudioVersion = 17.13.35818.85 d17.13
MinimumVisualStudioVersion = 10.0.40219.1
Project("{FAE04EC0-301F-11D3-BF4B-00C04F79EFBC}") = "ExtensivSharp", "ExtensivSharp.csproj", "{05457C83-6F56-BC99-6735-F45948ACE861}"
EndProject
Global
	GlobalSection(SolutionConfigurationPlatforms) = preSolution
		Debug|Any CPU = Debug|Any CPU
		Release|Any CPU = Release|Any CPU
	EndGlobalSection
	GlobalSection(ProjectConfigurationPlatforms) = postSolution
		{05457C83-6F56-BC99-6735-F45948ACE861}.Debug|Any CPU.ActiveCfg = Debug|Any CPU
		{05457C83-6F56-BC99-6735-F45948ACE861}.Debug|Any CPU.Build.0 = Debug|Any CPU
		{05457C83-6F56-BC99-6735-F45948ACE861}.Release|Any CPU.ActiveCfg = Release|Any CPU
		{05457C83-6F56-BC99-6735-F45948ACE861}.Release|Any CPU.Build.0 = Release|Any CPU
	EndGlobalSection
	GlobalSection(SolutionProperties) = preSolution
		HideSolutionNode = FALSE
	EndGlobalSection
	GlobalSection(ExtensibilityGlobals) = postSolution
		SolutionGuid = {E24C2CA6-5529-4719-9D25-5A5D8E2EC374}
	EndGlobalSection
EndGlobal
